
SPEC CHECKSUMS: 
  Mantle: 4a20405b7aba3452007294badee2b3cb137825c3
  libextobjc/EXTScope: 2cbc74caf8bdc74a86fdf24673f773c83424ea98
  AFNetworking: 761a418233d280c1e0580bcb76ff9cb4c3073d17
  UIView-Helpers: 3540e3cf69d7b053270766a2bb1e512834edf637
  libextobjc/RuntimeExtensions: 2cbc74caf8bdc74a86fdf24673f773c83424ea98
  libextobjc/EXTKeyPathCoding: 2cbc74caf8bdc74a86fdf24673f773c83424ea98

DEPENDENCIES: 
- AFNetworking
- Mantle (= 0.2.3)
- UIView-Helpers

PODS: 
- AFNetworking (1.1.0)
- Mantle (0.2.3): 
  - libextobjc/EXTKeyPathCoding
  - libextobjc/EXTScope
- UIView-Helpers (1.1.0)
- libextobjc/EXTKeyPathCoding (0.2.5): 
  - libextobjc/RuntimeExtensions
- libextobjc/EXTScope (0.2.5): 
  - libextobjc/RuntimeExtensions
- libextobjc/RuntimeExtensions (0.2.5)

COCOAPODS: 0.16.4
